
Microsoft Visual Studio Solution File, Format Version 12.00
# Visual Studio Version 16
VisualStudioVersion = 16.0.29709.97
MinimumVisualStudioVersion = 10.0.40219.1
Project("{FAE04EC0-301F-11D3-BF4B-00C04F79EFBC}") = "LemonadeStandProject", "LemonadeStandProject\LemonadeStandProject.csproj", "{0CE70628-3F41-431C-92B1-94BAFD903C58}"
EndProject
Project("{FAE04EC0-301F-11D3-BF4B-00C04F79EFBC}") = "LemonadeStandTest", "LemonadeStandTest\LemonadeStandTest.csproj", "{56F901DC-B004-4554-8356-68EA496DFB02}"
EndProject
Global
	GlobalSection(SolutionConfigurationPlatforms) = preSolution
		Debug|Any CPU = Debug|Any CPU
		Release|Any CPU = Release|Any CPU
	EndGlobalSection
	GlobalSection(ProjectConfigurationPlatforms) = postSolution
		{0CE70628-3F41-431C-92B1-94BAFD903C58}.Debug|Any CPU.ActiveCfg = Debug|Any CPU
		{0CE70628-3F41-431C-92B1-94BAFD903C58}.Debug|Any CPU.Build.0 = Debug|Any CPU
		{0CE70628-3F41-431C-92B1-94BAFD903C58}.Release|Any CPU.ActiveCfg = Release|Any CPU
		{0CE70628-3F41-431C-92B1-94BAFD903C58}.Release|Any CPU.Build.0 = Release|Any CPU
		{56F901DC-B004-4554-8356-68EA496DFB02}.Debug|Any CPU.ActiveCfg = Debug|Any CPU
		{56F901DC-B004-4554-8356-68EA496DFB02}.Debug|Any CPU.Build.0 = Debug|Any CPU
		{56F901DC-B004-4554-8356-68EA496DFB02}.Release|Any CPU.ActiveCfg = Release|Any CPU
		{56F901DC-B004-4554-8356-68EA496DFB02}.Release|Any CPU.Build.0 = Release|Any CPU
	EndGlobalSection
	GlobalSection(SolutionProperties) = preSolution
		HideSolutionNode = FALSE
	EndGlobalSection
	GlobalSection(ExtensibilityGlobals) = postSolution
		SolutionGuid = {65D0C27F-37D3-4E44-88A4-FE1B0A460972}
	EndGlobalSection
EndGlobal
